
Microsoft Visual Studio Solution File, Format Version 12.00
# Visual Studio Express 2013 for Windows Desktop
VisualStudioVersion = 12.0.30723.0
MinimumVisualStudioVersion = 10.0.40219.1
Project("{FAE04EC0-301F-11D3-BF4B-00C04F79EFBC}") = "keyLogger1", "keyLogger1\keyLogger1.csproj", "{3FD739AC-D773-4920-B720-1FE6C2A3AC44}"
EndProject
Global
	GlobalSection(SolutionConfigurationPlatforms) = preSolution
		Debug|Any CPU = Debug|Any CPU
		Release|Any CPU = Release|Any CPU
	EndGlobalSection
	GlobalSection(ProjectConfigurationPlatforms) = postSolution
		{3FD739AC-D773-4920-B720-1FE6C2A3AC44}.Debug|Any CPU.ActiveCfg = Debug|Any CPU
		{3FD739AC-D773-4920-B720-1FE6C2A3AC44}.Debug|Any CPU.Build.0 = Debug|Any CPU
		{3FD739AC-D773-4920-B720-1FE6C2A3AC44}.Release|Any CPU.ActiveCfg = Release|Any CPU
		{3FD739AC-D773-4920-B720-1FE6C2A3AC44}.Release|Any CPU.Build.0 = Release|Any CPU
	EndGlobalSection
	GlobalSection(SolutionProperties) = preSolution
		HideSolutionNode = FALSE
	EndGlobalSection
EndGlobal
